
Microsoft Visual Studio Solution File, Format Version 11.00
# Visual Studio 2010
Project("{CC5FD16D-436D-48AD-A40C-5A424C6E3E79}") = "SudokuCalculator", "SudokuCalculator\SudokuCalculator.ccproj", "{51BFEB11-0C2B-4E45-8426-5E35157EC338}"
EndProject
Project("{FAE04EC0-301F-11D3-BF4B-00C04F79EFBC}") = "MvcWebRole1", "MvcWebRole1\MvcWebRole1.csproj", "{EF62803E-C740-46F4-BE64-5149CCEFAD12}"
EndProject
Global
	GlobalSection(SolutionConfigurationPlatforms) = preSolution
		Debug|Any CPU = Debug|Any CPU
		Release|Any CPU = Release|Any CPU
	EndGlobalSection
	GlobalSection(ProjectConfigurationPlatforms) = postSolution
		{51BFEB11-0C2B-4E45-8426-5E35157EC338}.Debug|Any CPU.ActiveCfg = Debug|Any CPU
		{51BFEB11-0C2B-4E45-8426-5E35157EC338}.Debug|Any CPU.Build.0 = Debug|Any CPU
		{51BFEB11-0C2B-4E45-8426-5E35157EC338}.Release|Any CPU.ActiveCfg = Release|Any CPU
		{51BFEB11-0C2B-4E45-8426-5E35157EC338}.Release|Any CPU.Build.0 = Release|Any CPU
		{EF62803E-C740-46F4-BE64-5149CCEFAD12}.Debug|Any CPU.ActiveCfg = Debug|Any CPU
		{EF62803E-C740-46F4-BE64-5149CCEFAD12}.Debug|Any CPU.Build.0 = Debug|Any CPU
		{EF62803E-C740-46F4-BE64-5149CCEFAD12}.Release|Any CPU.ActiveCfg = Release|Any CPU
		{EF62803E-C740-46F4-BE64-5149CCEFAD12}.Release|Any CPU.Build.0 = Release|Any CPU
	EndGlobalSection
	GlobalSection(SolutionProperties) = preSolution
		HideSolutionNode = FALSE
	EndGlobalSection
EndGlobal
